name: 'Repository Maintenance'

on:
  schedule:
    - cron: '19 0 * * 1'
  workflow_dispatch:

concurrency:
  group: lock

jobs:
  action:
    name: 'Repository Maintenance'
    uses: mprins/.github/.github/workflows/maintenance.yml@main
    with:
        issue-inactive-days: '63'
        pr-inactive-days: '22'
